
Microsoft Visual Studio Solution File, Format Version 12.00
# Visual Studio Version 16
VisualStudioVersion = 16.0.29905.134
MinimumVisualStudioVersion = 10.0.40219.1
Project("{2150E333-8FDC-42A3-9474-1A3956D46DE8}") = "01-Solution", "01-Solution", "{5580E911-BE07-4DD0-8C6D-3D15D61EEC10}"
	ProjectSection(SolutionItems) = preProject
		.editorconfig = .editorconfig
	EndProjectSection
EndProject
Project("{9A19103F-16F7-4668-BE54-9A1E7A4F7556}") = "Tools", "Tools\Tools.csproj", "{1C7C4442-9D6B-461E-A579-95D0D63EA83B}"
EndProject
Project("{2150E333-8FDC-42A3-9474-1A3956D46DE8}") = "02-Projects", "02-Projects", "{289A9000-3641-4E5B-91BD-ABBCEB1B42B8}"
EndProject
Project("{2150E333-8FDC-42A3-9474-1A3956D46DE8}") = "03-NUnit Test", "03-NUnit Test", "{7B97D36D-D67D-40FB-B6DC-EDD82D467303}"
EndProject
Project("{9A19103F-16F7-4668-BE54-9A1E7A4F7556}") = "NUnitTest", "NUnitTest\NUnitTest.csproj", "{18CB8FEF-01D0-4343-B781-980A3E51E1CA}"
EndProject
Project("{9A19103F-16F7-4668-BE54-9A1E7A4F7556}") = "Tools.Autofac", "Tools.Autofac\Tools.Autofac.csproj", "{CE66D29F-EC81-4AB5-B887-BEB7329559C3}"
EndProject
Project("{9A19103F-16F7-4668-BE54-9A1E7A4F7556}") = "Tools.ClientAPI", "Tools.ClientAPI\Tools.ClientAPI.csproj", "{C5BB146C-8ACE-442A-B3B3-70A3DDDFE01B}"
EndProject
Project("{9A19103F-16F7-4668-BE54-9A1E7A4F7556}") = "Tools.Storage", "Tools.Storage\Tools.Storage.csproj", "{C373EAB2-F276-46A8-A90B-1700CE53B5AA}"
EndProject
Project("{9A19103F-16F7-4668-BE54-9A1E7A4F7556}") = "Tools.WcfLog", "Tools.WcfLog\Tools.WcfLog.csproj", "{B0EEC1CA-A85B-41A1-BA92-2A09BD6E70ED}"
EndProject
Global
	GlobalSection(SolutionConfigurationPlatforms) = preSolution
		Debug|Any CPU = Debug|Any CPU
		Release|Any CPU = Release|Any CPU
	EndGlobalSection
	GlobalSection(ProjectConfigurationPlatforms) = postSolution
		{1C7C4442-9D6B-461E-A579-95D0D63EA83B}.Debug|Any CPU.ActiveCfg = Debug|Any CPU
		{1C7C4442-9D6B-461E-A579-95D0D63EA83B}.Debug|Any CPU.Build.0 = Debug|Any CPU
		{1C7C4442-9D6B-461E-A579-95D0D63EA83B}.Release|Any CPU.ActiveCfg = Release|Any CPU
		{1C7C4442-9D6B-461E-A579-95D0D63EA83B}.Release|Any CPU.Build.0 = Release|Any CPU
		{18CB8FEF-01D0-4343-B781-980A3E51E1CA}.Debug|Any CPU.ActiveCfg = Debug|Any CPU
		{18CB8FEF-01D0-4343-B781-980A3E51E1CA}.Debug|Any CPU.Build.0 = Debug|Any CPU
		{18CB8FEF-01D0-4343-B781-980A3E51E1CA}.Release|Any CPU.ActiveCfg = Release|Any CPU
		{18CB8FEF-01D0-4343-B781-980A3E51E1CA}.Release|Any CPU.Build.0 = Release|Any CPU
		{CE66D29F-EC81-4AB5-B887-BEB7329559C3}.Debug|Any CPU.ActiveCfg = Debug|Any CPU
		{CE66D29F-EC81-4AB5-B887-BEB7329559C3}.Debug|Any CPU.Build.0 = Debug|Any CPU
		{CE66D29F-EC81-4AB5-B887-BEB7329559C3}.Release|Any CPU.ActiveCfg = Release|Any CPU
		{CE66D29F-EC81-4AB5-B887-BEB7329559C3}.Release|Any CPU.Build.0 = Release|Any CPU
		{C5BB146C-8ACE-442A-B3B3-70A3DDDFE01B}.Debug|Any CPU.ActiveCfg = Debug|Any CPU
		{C5BB146C-8ACE-442A-B3B3-70A3DDDFE01B}.Debug|Any CPU.Build.0 = Debug|Any CPU
		{C5BB146C-8ACE-442A-B3B3-70A3DDDFE01B}.Release|Any CPU.ActiveCfg = Release|Any CPU
		{C5BB146C-8ACE-442A-B3B3-70A3DDDFE01B}.Release|Any CPU.Build.0 = Release|Any CPU
		{C373EAB2-F276-46A8-A90B-1700CE53B5AA}.Debug|Any CPU.ActiveCfg = Debug|Any CPU
		{C373EAB2-F276-46A8-A90B-1700CE53B5AA}.Debug|Any CPU.Build.0 = Debug|Any CPU
		{C373EAB2-F276-46A8-A90B-1700CE53B5AA}.Release|Any CPU.ActiveCfg = Release|Any CPU
		{C373EAB2-F276-46A8-A90B-1700CE53B5AA}.Release|Any CPU.Build.0 = Release|Any CPU
		{B0EEC1CA-A85B-41A1-BA92-2A09BD6E70ED}.Debug|Any CPU.ActiveCfg = Debug|Any CPU
		{B0EEC1CA-A85B-41A1-BA92-2A09BD6E70ED}.Debug|Any CPU.Build.0 = Debug|Any CPU
		{B0EEC1CA-A85B-41A1-BA92-2A09BD6E70ED}.Release|Any CPU.ActiveCfg = Release|Any CPU
		{B0EEC1CA-A85B-41A1-BA92-2A09BD6E70ED}.Release|Any CPU.Build.0 = Release|Any CPU
	EndGlobalSection
	GlobalSection(SolutionProperties) = preSolution
		HideSolutionNode = FALSE
	EndGlobalSection
	GlobalSection(NestedProjects) = preSolution
		{1C7C4442-9D6B-461E-A579-95D0D63EA83B} = {289A9000-3641-4E5B-91BD-ABBCEB1B42B8}
		{18CB8FEF-01D0-4343-B781-980A3E51E1CA} = {7B97D36D-D67D-40FB-B6DC-EDD82D467303}
		{CE66D29F-EC81-4AB5-B887-BEB7329559C3} = {289A9000-3641-4E5B-91BD-ABBCEB1B42B8}
		{C5BB146C-8ACE-442A-B3B3-70A3DDDFE01B} = {289A9000-3641-4E5B-91BD-ABBCEB1B42B8}
		{C373EAB2-F276-46A8-A90B-1700CE53B5AA} = {289A9000-3641-4E5B-91BD-ABBCEB1B42B8}
		{B0EEC1CA-A85B-41A1-BA92-2A09BD6E70ED} = {289A9000-3641-4E5B-91BD-ABBCEB1B42B8}
	EndGlobalSection
	GlobalSection(ExtensibilityGlobals) = postSolution
		SolutionGuid = {059FA2EB-824F-4779-B87B-9CA64273BE50}
	EndGlobalSection
EndGlobal
