
Microsoft Visual Studio Solution File, Format Version 12.00
# Visual Studio Version 16
VisualStudioVersion = 16.0.29905.134
MinimumVisualStudioVersion = 10.0.40219.1
Project("{2150E333-8FDC-42A3-9474-1A3956D46DE8}") = "Solution", "Solution", "{5580E911-BE07-4DD0-8C6D-3D15D61EEC10}"
	ProjectSection(SolutionItems) = preProject
		.editorconfig = .editorconfig
	EndProjectSection
EndProject
Project("{9A19103F-16F7-4668-BE54-9A1E7A4F7556}") = "Tools", "Tools\Tools.csproj", "{1C7C4442-9D6B-461E-A579-95D0D63EA83B}"
EndProject
Project("{9A19103F-16F7-4668-BE54-9A1E7A4F7556}") = "AutofacTools", "AutofacTools\AutofacTools.csproj", "{F57C7A4B-D19A-4B24-9A2A-BCBC12DF0C22}"
EndProject
Global
	GlobalSection(SolutionConfigurationPlatforms) = preSolution
		Debug|Any CPU = Debug|Any CPU
		Release|Any CPU = Release|Any CPU
	EndGlobalSection
	GlobalSection(ProjectConfigurationPlatforms) = postSolution
		{1C7C4442-9D6B-461E-A579-95D0D63EA83B}.Debug|Any CPU.ActiveCfg = Debug|Any CPU
		{1C7C4442-9D6B-461E-A579-95D0D63EA83B}.Debug|Any CPU.Build.0 = Debug|Any CPU
		{1C7C4442-9D6B-461E-A579-95D0D63EA83B}.Release|Any CPU.ActiveCfg = Release|Any CPU
		{1C7C4442-9D6B-461E-A579-95D0D63EA83B}.Release|Any CPU.Build.0 = Release|Any CPU
		{F57C7A4B-D19A-4B24-9A2A-BCBC12DF0C22}.Debug|Any CPU.ActiveCfg = Debug|Any CPU
		{F57C7A4B-D19A-4B24-9A2A-BCBC12DF0C22}.Debug|Any CPU.Build.0 = Debug|Any CPU
		{F57C7A4B-D19A-4B24-9A2A-BCBC12DF0C22}.Release|Any CPU.ActiveCfg = Release|Any CPU
		{F57C7A4B-D19A-4B24-9A2A-BCBC12DF0C22}.Release|Any CPU.Build.0 = Release|Any CPU
	EndGlobalSection
	GlobalSection(SolutionProperties) = preSolution
		HideSolutionNode = FALSE
	EndGlobalSection
	GlobalSection(ExtensibilityGlobals) = postSolution
		SolutionGuid = {059FA2EB-824F-4779-B87B-9CA64273BE50}
	EndGlobalSection
EndGlobal
