
Microsoft Visual Studio Solution File, Format Version 12.00
# Visual Studio Version 16
VisualStudioVersion = 16.0.29905.134
MinimumVisualStudioVersion = 10.0.40219.1
Project("{FAE04EC0-301F-11D3-BF4B-00C04F79EFBC}") = "Tools", "Tools.csproj", "{6628D155-DC3A-46A6-B115-960EE59EEB55}"
EndProject
Global
	GlobalSection(SolutionConfigurationPlatforms) = preSolution
		Debug|Any CPU = Debug|Any CPU
		Release|Any CPU = Release|Any CPU
	EndGlobalSection
	GlobalSection(ProjectConfigurationPlatforms) = postSolution
		{6628D155-DC3A-46A6-B115-960EE59EEB55}.Debug|Any CPU.ActiveCfg = Debug|Any CPU
		{6628D155-DC3A-46A6-B115-960EE59EEB55}.Debug|Any CPU.Build.0 = Debug|Any CPU
		{6628D155-DC3A-46A6-B115-960EE59EEB55}.Release|Any CPU.ActiveCfg = Release|Any CPU
		{6628D155-DC3A-46A6-B115-960EE59EEB55}.Release|Any CPU.Build.0 = Release|Any CPU
	EndGlobalSection
	GlobalSection(SolutionProperties) = preSolution
		HideSolutionNode = FALSE
	EndGlobalSection
	GlobalSection(ExtensibilityGlobals) = postSolution
		SolutionGuid = {059FA2EB-824F-4779-B87B-9CA64273BE50}
	EndGlobalSection
EndGlobal
